
Microsoft Visual Studio Solution File, Format Version 12.00
# Visual Studio Version 17
VisualStudioVersion = 17.2.32519.379
MinimumVisualStudioVersion = 10.0.40219.1
Project("{FAE04EC0-301F-11D3-BF4B-00C04F79EFBC}") = "CG1_Image_filtering", "CG1_Image_filtering\CG1_Image_filtering.csproj", "{3D25CA06-C1B8-424C-B659-79F14E83D9DE}"
EndProject
Global
	GlobalSection(SolutionConfigurationPlatforms) = preSolution
		Debug|Any CPU = Debug|Any CPU
		Release|Any CPU = Release|Any CPU
	EndGlobalSection
	GlobalSection(ProjectConfigurationPlatforms) = postSolution
		{3D25CA06-C1B8-424C-B659-79F14E83D9DE}.Debug|Any CPU.ActiveCfg = Debug|Any CPU
		{3D25CA06-C1B8-424C-B659-79F14E83D9DE}.Debug|Any CPU.Build.0 = Debug|Any CPU
		{3D25CA06-C1B8-424C-B659-79F14E83D9DE}.Release|Any CPU.ActiveCfg = Release|Any CPU
		{3D25CA06-C1B8-424C-B659-79F14E83D9DE}.Release|Any CPU.Build.0 = Release|Any CPU
	EndGlobalSection
	GlobalSection(SolutionProperties) = preSolution
		HideSolutionNode = FALSE
	EndGlobalSection
	GlobalSection(ExtensibilityGlobals) = postSolution
		SolutionGuid = {96008186-4089-4AA2-BDA6-24C39507E76A}
	EndGlobalSection
EndGlobal
